
Microsoft Visual Studio Solution File, Format Version 12.00
# Visual Studio 15
VisualStudioVersion = 15.0.28010.2048
MinimumVisualStudioVersion = 10.0.40219.1
Project("{FAE04EC0-301F-11D3-BF4B-00C04F79EFBC}") = "MicroondasDigital", "MicroondasDigital\MicroondasDigital.csproj", "{33A638C3-4848-4569-9CDA-C8789EE712C1}"
EndProject
Global
	GlobalSection(SolutionConfigurationPlatforms) = preSolution
		Debug|Any CPU = Debug|Any CPU
		Release|Any CPU = Release|Any CPU
	EndGlobalSection
	GlobalSection(ProjectConfigurationPlatforms) = postSolution
		{33A638C3-4848-4569-9CDA-C8789EE712C1}.Debug|Any CPU.ActiveCfg = Debug|Any CPU
		{33A638C3-4848-4569-9CDA-C8789EE712C1}.Debug|Any CPU.Build.0 = Debug|Any CPU
		{33A638C3-4848-4569-9CDA-C8789EE712C1}.Release|Any CPU.ActiveCfg = Release|Any CPU
		{33A638C3-4848-4569-9CDA-C8789EE712C1}.Release|Any CPU.Build.0 = Release|Any CPU
	EndGlobalSection
	GlobalSection(SolutionProperties) = preSolution
		HideSolutionNode = FALSE
	EndGlobalSection
	GlobalSection(ExtensibilityGlobals) = postSolution
		SolutionGuid = {88C12E1D-05B5-4C59-B472-E399B927066F}
	EndGlobalSection
EndGlobal
